$begin 'ConnectionParameters'
	DesktopProcessID=10880
	DesktopProcessPath='C:\\Program Files\\AnsysEM\\v231\\Win64\\ansysedt.exe'
	LaunchedByWB=false
	$begin 'DesktopStubBlock'
		$begin 'CommDetails'
			TransportType=1
			IPAddress='192.168.213.28'
			ListenPort='58378'
		$end 'CommDetails'
		$begin 'Marshall'
			InstanceID=503
			ProcID=10880
			InterfaceID=1
			FactoryIntID='DesktopInterfaceForWBProxyStubFactory'
		$end 'Marshall'
	$end 'DesktopStubBlock'
	$begin 'DesktopBackgroundObjStubBlock'
		$begin 'CommDetails'
			TransportType=1
			IPAddress='192.168.213.28'
			ListenPort='58378'
		$end 'CommDetails'
		$begin 'Marshall'
			InstanceID=505
			ProcID=10880
			InterfaceID=2
			FactoryIntID='DesktopInterfaceForWBProxyStubFactory'
		$end 'Marshall'
	$end 'DesktopBackgroundObjStubBlock'
$end 'ConnectionParameters'
